
Microsoft Visual Studio Solution File, Format Version 12.00
# Visual Studio 15
VisualStudioVersion = 15.0.28307.421
MinimumVisualStudioVersion = 10.0.40219.1
Project("{FAE04EC0-301F-11D3-BF4B-00C04F79EFBC}") = "FluidCore", "FluidCore\FluidCore.csproj", "{8E3C294D-11A1-41AC-8BE9-25B3F85AC7E8}"
EndProject
Project("{FAE04EC0-301F-11D3-BF4B-00C04F79EFBC}") = "FluidCore.Tests", "FluidCore.Tests\FluidCore.Tests.csproj", "{A43CD2C3-EBB9-46C1-9EEA-783CF2AAFDEA}"
EndProject
Global
	GlobalSection(SolutionConfigurationPlatforms) = preSolution
		Debug|Any CPU = Debug|Any CPU
		Release|Any CPU = Release|Any CPU
	EndGlobalSection
	GlobalSection(ProjectConfigurationPlatforms) = postSolution
		{8E3C294D-11A1-41AC-8BE9-25B3F85AC7E8}.Debug|Any CPU.ActiveCfg = Debug|Any CPU
		{8E3C294D-11A1-41AC-8BE9-25B3F85AC7E8}.Debug|Any CPU.Build.0 = Debug|Any CPU
		{8E3C294D-11A1-41AC-8BE9-25B3F85AC7E8}.Release|Any CPU.ActiveCfg = Release|Any CPU
		{8E3C294D-11A1-41AC-8BE9-25B3F85AC7E8}.Release|Any CPU.Build.0 = Release|Any CPU
		{A43CD2C3-EBB9-46C1-9EEA-783CF2AAFDEA}.Debug|Any CPU.ActiveCfg = Debug|Any CPU
		{A43CD2C3-EBB9-46C1-9EEA-783CF2AAFDEA}.Debug|Any CPU.Build.0 = Debug|Any CPU
		{A43CD2C3-EBB9-46C1-9EEA-783CF2AAFDEA}.Release|Any CPU.ActiveCfg = Release|Any CPU
		{A43CD2C3-EBB9-46C1-9EEA-783CF2AAFDEA}.Release|Any CPU.Build.0 = Release|Any CPU
	EndGlobalSection
	GlobalSection(SolutionProperties) = preSolution
		HideSolutionNode = FALSE
	EndGlobalSection
	GlobalSection(ExtensibilityGlobals) = postSolution
		SolutionGuid = {2559F2DB-0C21-4366-B495-7E4C2E60CB50}
	EndGlobalSection
EndGlobal
